
Microsoft Visual Studio Solution File, Format Version 12.00
# Visual Studio 15
VisualStudioVersion = 15.0.26124.0
MinimumVisualStudioVersion = 15.0.26124.0
Project("{2150E333-8FDC-42A3-9474-1A3956D46DE8}") = "src", "src", "{14F14C23-CEF5-46E8-B23B-92422A88DA72}"
EndProject
Project("{F2A71F9B-5D33-465A-A702-920D77279786}") = "projectfocus.backend.common", "src\projectfocus.backend.common\projectfocus.backend.common.fsproj", "{D695FDA9-0ABE-4175-A648-A70CEEEB6568}"
EndProject
Global
	GlobalSection(SolutionConfigurationPlatforms) = preSolution
		Debug|Any CPU = Debug|Any CPU
		Debug|x64 = Debug|x64
		Debug|x86 = Debug|x86
		Release|Any CPU = Release|Any CPU
		Release|x64 = Release|x64
		Release|x86 = Release|x86
	EndGlobalSection
	GlobalSection(SolutionProperties) = preSolution
		HideSolutionNode = FALSE
	EndGlobalSection
	GlobalSection(ProjectConfigurationPlatforms) = postSolution
		{D695FDA9-0ABE-4175-A648-A70CEEEB6568}.Debug|Any CPU.ActiveCfg = Debug|Any CPU
		{D695FDA9-0ABE-4175-A648-A70CEEEB6568}.Debug|Any CPU.Build.0 = Debug|Any CPU
		{D695FDA9-0ABE-4175-A648-A70CEEEB6568}.Debug|x64.ActiveCfg = Debug|Any CPU
		{D695FDA9-0ABE-4175-A648-A70CEEEB6568}.Debug|x64.Build.0 = Debug|Any CPU
		{D695FDA9-0ABE-4175-A648-A70CEEEB6568}.Debug|x86.ActiveCfg = Debug|Any CPU
		{D695FDA9-0ABE-4175-A648-A70CEEEB6568}.Debug|x86.Build.0 = Debug|Any CPU
		{D695FDA9-0ABE-4175-A648-A70CEEEB6568}.Release|Any CPU.ActiveCfg = Release|Any CPU
		{D695FDA9-0ABE-4175-A648-A70CEEEB6568}.Release|Any CPU.Build.0 = Release|Any CPU
		{D695FDA9-0ABE-4175-A648-A70CEEEB6568}.Release|x64.ActiveCfg = Release|Any CPU
		{D695FDA9-0ABE-4175-A648-A70CEEEB6568}.Release|x64.Build.0 = Release|Any CPU
		{D695FDA9-0ABE-4175-A648-A70CEEEB6568}.Release|x86.ActiveCfg = Release|Any CPU
		{D695FDA9-0ABE-4175-A648-A70CEEEB6568}.Release|x86.Build.0 = Release|Any CPU
	EndGlobalSection
	GlobalSection(NestedProjects) = preSolution
		{D695FDA9-0ABE-4175-A648-A70CEEEB6568} = {14F14C23-CEF5-46E8-B23B-92422A88DA72}
	EndGlobalSection
EndGlobal
