
Microsoft Visual Studio Solution File, Format Version 12.00
# Visual Studio Version 16
VisualStudioVersion = 16.0.28803.156
MinimumVisualStudioVersion = 10.0.40219.1
Project("{9A19103F-16F7-4668-BE54-9A1E7A4F7556}") = "ProjectFocus", "ProjectFocus\ProjectFocus.csproj", "{E38F8D3D-02B1-45E7-97C2-3EF8ED96AB21}"
EndProject
Project("{FAE04EC0-301F-11D3-BF4B-00C04F79EFBC}") = "ProjectFocus.Android", "ProjectFocus.Android\ProjectFocus.Android.csproj", "{70F44E44-7389-498A-B3A8-9FE71738CD8A}"
EndProject
Project("{FAE04EC0-301F-11D3-BF4B-00C04F79EFBC}") = "ProjectFocus.iOS", "ProjectFocus.iOS\ProjectFocus.iOS.csproj", "{8D705D5B-04E7-47E6-8430-5A24044D6ED1}"
EndProject
Project("{FAE04EC0-301F-11D3-BF4B-00C04F79EFBC}") = "ProjectFocus.UWP", "ProjectFocus.UWP\ProjectFocus.UWP.csproj", "{9E2E4898-F2F7-49DC-8EF2-D2093DF1FFA3}"
EndProject
Project("{9A19103F-16F7-4668-BE54-9A1E7A4F7556}") = "ProjectFocus.Interface", "ProjectFocus.Interface\ProjectFocus.Interface.csproj", "{55A29405-45C5-490E-AE58-53F705D60093}"
EndProject
Project("{9A19103F-16F7-4668-BE54-9A1E7A4F7556}") = "ProjectFocus.Model", "ProjectFocus.Model\ProjectFocus.Model.csproj", "{C56BB16A-599B-44D6-8E07-8CFC3848BCB8}"
EndProject
Project("{9A19103F-16F7-4668-BE54-9A1E7A4F7556}") = "ProjectFocus.Service", "ProjectFocus.Service\ProjectFocus.Service.csproj", "{5ED88FE1-CED0-48B5-B526-B39F93E39701}"
EndProject
Project("{9A19103F-16F7-4668-BE54-9A1E7A4F7556}") = "ProjectFocus.ViewModel", "ProjectFocus.ViewModel\ProjectFocus.ViewModel.csproj", "{C8A380B3-A324-439F-BC55-6F9FA88147A1}"
EndProject
Project("{9A19103F-16F7-4668-BE54-9A1E7A4F7556}") = "ProjectFocus.ViewModel.Test", "ProjectFocus.ViewModel.Test\ProjectFocus.ViewModel.Test.csproj", "{A10557FE-964B-4590-8D89-DC1CDCD3B1C3}"
EndProject
Project("{9A19103F-16F7-4668-BE54-9A1E7A4F7556}") = "ProjectFocus.ViewModel.Mock", "ProjectFocus.ViewModel.Mock\ProjectFocus.ViewModel.Mock.csproj", "{E34B6330-42EF-4724-8933-B25B84D892E1}"
EndProject
Project("{9A19103F-16F7-4668-BE54-9A1E7A4F7556}") = "ProjectFocus.View", "ProjectFocus.View\ProjectFocus.View.csproj", "{148FB6D1-F610-43CE-98A0-75EAFE061639}"
EndProject
Project("{9A19103F-16F7-4668-BE54-9A1E7A4F7556}") = "ProjectFocus.Integration", "ProjectFocus.Integration\ProjectFocus.Integration.csproj", "{C2A364DE-7DCA-4796-BA0F-98E96139E4A7}"
EndProject
Project("{FAE04EC0-301F-11D3-BF4B-00C04F79EFBC}") = "ProjectFocus.Data", "ProjectFocus.Data\ProjectFocus.Data.csproj", "{93BD0A32-DBBD-4972-8B26-1A5962E0416E}"
EndProject
Global
	GlobalSection(SolutionConfigurationPlatforms) = preSolution
		Ad-Hoc|Any CPU = Ad-Hoc|Any CPU
		Ad-Hoc|ARM = Ad-Hoc|ARM
		Ad-Hoc|iPhone = Ad-Hoc|iPhone
		Ad-Hoc|iPhoneSimulator = Ad-Hoc|iPhoneSimulator
		Ad-Hoc|x64 = Ad-Hoc|x64
		Ad-Hoc|x86 = Ad-Hoc|x86
		AppStore|Any CPU = AppStore|Any CPU
		AppStore|ARM = AppStore|ARM
		AppStore|iPhone = AppStore|iPhone
		AppStore|iPhoneSimulator = AppStore|iPhoneSimulator
		AppStore|x64 = AppStore|x64
		AppStore|x86 = AppStore|x86
		Debug|Any CPU = Debug|Any CPU
		Debug|ARM = Debug|ARM
		Debug|iPhone = Debug|iPhone
		Debug|iPhoneSimulator = Debug|iPhoneSimulator
		Debug|x64 = Debug|x64
		Debug|x86 = Debug|x86
		Release|Any CPU = Release|Any CPU
		Release|ARM = Release|ARM
		Release|iPhone = Release|iPhone
		Release|iPhoneSimulator = Release|iPhoneSimulator
		Release|x64 = Release|x64
		Release|x86 = Release|x86
	EndGlobalSection
	GlobalSection(ProjectConfigurationPlatforms) = postSolution
		{E38F8D3D-02B1-45E7-97C2-3EF8ED96AB21}.Ad-Hoc|Any CPU.ActiveCfg = Debug|Any CPU
		{E38F8D3D-02B1-45E7-97C2-3EF8ED96AB21}.Ad-Hoc|Any CPU.Build.0 = Debug|Any CPU
		{E38F8D3D-02B1-45E7-97C2-3EF8ED96AB21}.Ad-Hoc|ARM.ActiveCfg = Debug|Any CPU
		{E38F8D3D-02B1-45E7-97C2-3EF8ED96AB21}.Ad-Hoc|ARM.Build.0 = Debug|Any CPU
		{E38F8D3D-02B1-45E7-97C2-3EF8ED96AB21}.Ad-Hoc|iPhone.ActiveCfg = Debug|Any CPU
		{E38F8D3D-02B1-45E7-97C2-3EF8ED96AB21}.Ad-Hoc|iPhone.Build.0 = Debug|Any CPU
		{E38F8D3D-02B1-45E7-97C2-3EF8ED96AB21}.Ad-Hoc|iPhoneSimulator.ActiveCfg = Debug|Any CPU
		{E38F8D3D-02B1-45E7-97C2-3EF8ED96AB21}.Ad-Hoc|iPhoneSimulator.Build.0 = Debug|Any CPU
		{E38F8D3D-02B1-45E7-97C2-3EF8ED96AB21}.Ad-Hoc|x64.ActiveCfg = Debug|Any CPU
		{E38F8D3D-02B1-45E7-97C2-3EF8ED96AB21}.Ad-Hoc|x64.Build.0 = Debug|Any CPU
		{E38F8D3D-02B1-45E7-97C2-3EF8ED96AB21}.Ad-Hoc|x86.ActiveCfg = Debug|Any CPU
		{E38F8D3D-02B1-45E7-97C2-3EF8ED96AB21}.Ad-Hoc|x86.Build.0 = Debug|Any CPU
		{E38F8D3D-02B1-45E7-97C2-3EF8ED96AB21}.AppStore|Any CPU.ActiveCfg = Debug|Any CPU
		{E38F8D3D-02B1-45E7-97C2-3EF8ED96AB21}.AppStore|Any CPU.Build.0 = Debug|Any CPU
		{E38F8D3D-02B1-45E7-97C2-3EF8ED96AB21}.AppStore|ARM.ActiveCfg = Debug|Any CPU
		{E38F8D3D-02B1-45E7-97C2-3EF8ED96AB21}.AppStore|ARM.Build.0 = Debug|Any CPU
		{E38F8D3D-02B1-45E7-97C2-3EF8ED96AB21}.AppStore|iPhone.ActiveCfg = Debug|Any CPU
		{E38F8D3D-02B1-45E7-97C2-3EF8ED96AB21}.AppStore|iPhone.Build.0 = Debug|Any CPU
		{E38F8D3D-02B1-45E7-97C2-3EF8ED96AB21}.AppStore|iPhoneSimulator.ActiveCfg = Debug|Any CPU
		{E38F8D3D-02B1-45E7-97C2-3EF8ED96AB21}.AppStore|iPhoneSimulator.Build.0 = Debug|Any CPU
		{E38F8D3D-02B1-45E7-97C2-3EF8ED96AB21}.AppStore|x64.ActiveCfg = Debug|Any CPU
		{E38F8D3D-02B1-45E7-97C2-3EF8ED96AB21}.AppStore|x64.Build.0 = Debug|Any CPU
		{E38F8D3D-02B1-45E7-97C2-3EF8ED96AB21}.AppStore|x86.ActiveCfg = Debug|Any CPU
		{E38F8D3D-02B1-45E7-97C2-3EF8ED96AB21}.AppStore|x86.Build.0 = Debug|Any CPU
		{E38F8D3D-02B1-45E7-97C2-3EF8ED96AB21}.Debug|Any CPU.ActiveCfg = Debug|Any CPU
		{E38F8D3D-02B1-45E7-97C2-3EF8ED96AB21}.Debug|Any CPU.Build.0 = Debug|Any CPU
		{E38F8D3D-02B1-45E7-97C2-3EF8ED96AB21}.Debug|ARM.ActiveCfg = Debug|Any CPU
		{E38F8D3D-02B1-45E7-97C2-3EF8ED96AB21}.Debug|ARM.Build.0 = Debug|Any CPU
		{E38F8D3D-02B1-45E7-97C2-3EF8ED96AB21}.Debug|iPhone.ActiveCfg = Debug|Any CPU
		{E38F8D3D-02B1-45E7-97C2-3EF8ED96AB21}.Debug|iPhone.Build.0 = Debug|Any CPU
		{E38F8D3D-02B1-45E7-97C2-3EF8ED96AB21}.Debug|iPhoneSimulator.ActiveCfg = Debug|Any CPU
		{E38F8D3D-02B1-45E7-97C2-3EF8ED96AB21}.Debug|iPhoneSimulator.Build.0 = Debug|Any CPU
		{E38F8D3D-02B1-45E7-97C2-3EF8ED96AB21}.Debug|x64.ActiveCfg = Debug|Any CPU
		{E38F8D3D-02B1-45E7-97C2-3EF8ED96AB21}.Debug|x64.Build.0 = Debug|Any CPU
		{E38F8D3D-02B1-45E7-97C2-3EF8ED96AB21}.Debug|x86.ActiveCfg = Debug|Any CPU
		{E38F8D3D-02B1-45E7-97C2-3EF8ED96AB21}.Debug|x86.Build.0 = Debug|Any CPU
		{E38F8D3D-02B1-45E7-97C2-3EF8ED96AB21}.Release|Any CPU.ActiveCfg = Release|Any CPU
		{E38F8D3D-02B1-45E7-97C2-3EF8ED96AB21}.Release|Any CPU.Build.0 = Release|Any CPU
		{E38F8D3D-02B1-45E7-97C2-3EF8ED96AB21}.Release|ARM.ActiveCfg = Release|Any CPU
		{E38F8D3D-02B1-45E7-97C2-3EF8ED96AB21}.Release|ARM.Build.0 = Release|Any CPU
		{E38F8D3D-02B1-45E7-97C2-3EF8ED96AB21}.Release|iPhone.ActiveCfg = Release|Any CPU
		{E38F8D3D-02B1-45E7-97C2-3EF8ED96AB21}.Release|iPhone.Build.0 = Release|Any CPU
		{E38F8D3D-02B1-45E7-97C2-3EF8ED96AB21}.Release|iPhoneSimulator.ActiveCfg = Release|Any CPU
		{E38F8D3D-02B1-45E7-97C2-3EF8ED96AB21}.Release|iPhoneSimulator.Build.0 = Release|Any CPU
		{E38F8D3D-02B1-45E7-97C2-3EF8ED96AB21}.Release|x64.ActiveCfg = Release|Any CPU
		{E38F8D3D-02B1-45E7-97C2-3EF8ED96AB21}.Release|x64.Build.0 = Release|Any CPU
		{E38F8D3D-02B1-45E7-97C2-3EF8ED96AB21}.Release|x86.ActiveCfg = Release|Any CPU
		{E38F8D3D-02B1-45E7-97C2-3EF8ED96AB21}.Release|x86.Build.0 = Release|Any CPU
		{70F44E44-7389-498A-B3A8-9FE71738CD8A}.Ad-Hoc|Any CPU.ActiveCfg = Release|Any CPU
		{70F44E44-7389-498A-B3A8-9FE71738CD8A}.Ad-Hoc|Any CPU.Build.0 = Release|Any CPU
		{70F44E44-7389-498A-B3A8-9FE71738CD8A}.Ad-Hoc|Any CPU.Deploy.0 = Release|Any CPU
		{70F44E44-7389-498A-B3A8-9FE71738CD8A}.Ad-Hoc|ARM.ActiveCfg = Release|Any CPU
		{70F44E44-7389-498A-B3A8-9FE71738CD8A}.Ad-Hoc|ARM.Build.0 = Release|Any CPU
		{70F44E44-7389-498A-B3A8-9FE71738CD8A}.Ad-Hoc|ARM.Deploy.0 = Release|Any CPU
		{70F44E44-7389-498A-B3A8-9FE71738CD8A}.Ad-Hoc|iPhone.ActiveCfg = Release|Any CPU
		{70F44E44-7389-498A-B3A8-9FE71738CD8A}.Ad-Hoc|iPhone.Build.0 = Release|Any CPU
		{70F44E44-7389-498A-B3A8-9FE71738CD8A}.Ad-Hoc|iPhone.Deploy.0 = Release|Any CPU
		{70F44E44-7389-498A-B3A8-9FE71738CD8A}.Ad-Hoc|iPhoneSimulator.ActiveCfg = Release|Any CPU
		{70F44E44-7389-498A-B3A8-9FE71738CD8A}.Ad-Hoc|iPhoneSimulator.Build.0 = Release|Any CPU
		{70F44E44-7389-498A-B3A8-9FE71738CD8A}.Ad-Hoc|iPhoneSimulator.Deploy.0 = Release|Any CPU
		{70F44E44-7389-498A-B3A8-9FE71738CD8A}.Ad-Hoc|x64.ActiveCfg = Release|Any CPU
		{70F44E44-7389-498A-B3A8-9FE71738CD8A}.Ad-Hoc|x64.Build.0 = Release|Any CPU
		{70F44E44-7389-498A-B3A8-9FE71738CD8A}.Ad-Hoc|x64.Deploy.0 = Release|Any CPU
		{70F44E44-7389-498A-B3A8-9FE71738CD8A}.Ad-Hoc|x86.ActiveCfg = Release|Any CPU
		{70F44E44-7389-498A-B3A8-9FE71738CD8A}.Ad-Hoc|x86.Build.0 = Release|Any CPU
		{70F44E44-7389-498A-B3A8-9FE71738CD8A}.Ad-Hoc|x86.Deploy.0 = Release|Any CPU
		{70F44E44-7389-498A-B3A8-9FE71738CD8A}.AppStore|Any CPU.ActiveCfg = Release|Any CPU
		{70F44E44-7389-498A-B3A8-9FE71738CD8A}.AppStore|Any CPU.Build.0 = Release|Any CPU
		{70F44E44-7389-498A-B3A8-9FE71738CD8A}.AppStore|Any CPU.Deploy.0 = Release|Any CPU
		{70F44E44-7389-498A-B3A8-9FE71738CD8A}.AppStore|ARM.ActiveCfg = Release|Any CPU
		{70F44E44-7389-498A-B3A8-9FE71738CD8A}.AppStore|ARM.Build.0 = Release|Any CPU
		{70F44E44-7389-498A-B3A8-9FE71738CD8A}.AppStore|ARM.Deploy.0 = Release|Any CPU
		{70F44E44-7389-498A-B3A8-9FE71738CD8A}.AppStore|iPhone.ActiveCfg = Release|Any CPU
		{70F44E44-7389-498A-B3A8-9FE71738CD8A}.AppStore|iPhone.Build.0 = Release|Any CPU
		{70F44E44-7389-498A-B3A8-9FE71738CD8A}.AppStore|iPhone.Deploy.0 = Release|Any CPU
		{70F44E44-7389-498A-B3A8-9FE71738CD8A}.AppStore|iPhoneSimulator.ActiveCfg = Release|Any CPU
		{70F44E44-7389-498A-B3A8-9FE71738CD8A}.AppStore|iPhoneSimulator.Build.0 = Release|Any CPU
		{70F44E44-7389-498A-B3A8-9FE71738CD8A}.AppStore|iPhoneSimulator.Deploy.0 = Release|Any CPU
		{70F44E44-7389-498A-B3A8-9FE71738CD8A}.AppStore|x64.ActiveCfg = Release|Any CPU
		{70F44E44-7389-498A-B3A8-9FE71738CD8A}.AppStore|x64.Build.0 = Release|Any CPU
		{70F44E44-7389-498A-B3A8-9FE71738CD8A}.AppStore|x64.Deploy.0 = Release|Any CPU
		{70F44E44-7389-498A-B3A8-9FE71738CD8A}.AppStore|x86.ActiveCfg = Release|Any CPU
		{70F44E44-7389-498A-B3A8-9FE71738CD8A}.AppStore|x86.Build.0 = Release|Any CPU
		{70F44E44-7389-498A-B3A8-9FE71738CD8A}.AppStore|x86.Deploy.0 = Release|Any CPU
		{70F44E44-7389-498A-B3A8-9FE71738CD8A}.Debug|Any CPU.ActiveCfg = Debug|Any CPU
		{70F44E44-7389-498A-B3A8-9FE71738CD8A}.Debug|Any CPU.Build.0 = Debug|Any CPU
		{70F44E44-7389-498A-B3A8-9FE71738CD8A}.Debug|Any CPU.Deploy.0 = Debug|Any CPU
		{70F44E44-7389-498A-B3A8-9FE71738CD8A}.Debug|ARM.ActiveCfg = Debug|Any CPU
		{70F44E44-7389-498A-B3A8-9FE71738CD8A}.Debug|ARM.Build.0 = Debug|Any CPU
		{70F44E44-7389-498A-B3A8-9FE71738CD8A}.Debug|ARM.Deploy.0 = Debug|Any CPU
		{70F44E44-7389-498A-B3A8-9FE71738CD8A}.Debug|iPhone.ActiveCfg = Debug|Any CPU
		{70F44E44-7389-498A-B3A8-9FE71738CD8A}.Debug|iPhone.Build.0 = Debug|Any CPU
		{70F44E44-7389-498A-B3A8-9FE71738CD8A}.Debug|iPhone.Deploy.0 = Debug|Any CPU
		{70F44E44-7389-498A-B3A8-9FE71738CD8A}.Debug|iPhoneSimulator.ActiveCfg = Debug|Any CPU
		{70F44E44-7389-498A-B3A8-9FE71738CD8A}.Debug|iPhoneSimulator.Build.0 = Debug|Any CPU
		{70F44E44-7389-498A-B3A8-9FE71738CD8A}.Debug|iPhoneSimulator.Deploy.0 = Debug|Any CPU
		{70F44E44-7389-498A-B3A8-9FE71738CD8A}.Debug|x64.ActiveCfg = Debug|Any CPU
		{70F44E44-7389-498A-B3A8-9FE71738CD8A}.Debug|x64.Build.0 = Debug|Any CPU
		{70F44E44-7389-498A-B3A8-9FE71738CD8A}.Debug|x64.Deploy.0 = Debug|Any CPU
		{70F44E44-7389-498A-B3A8-9FE71738CD8A}.Debug|x86.ActiveCfg = Debug|Any CPU
		{70F44E44-7389-498A-B3A8-9FE71738CD8A}.Debug|x86.Build.0 = Debug|Any CPU
		{70F44E44-7389-498A-B3A8-9FE71738CD8A}.Debug|x86.Deploy.0 = Debug|Any CPU
		{70F44E44-7389-498A-B3A8-9FE71738CD8A}.Release|Any CPU.ActiveCfg = Release|Any CPU
		{70F44E44-7389-498A-B3A8-9FE71738CD8A}.Release|Any CPU.Build.0 = Release|Any CPU
		{70F44E44-7389-498A-B3A8-9FE71738CD8A}.Release|Any CPU.Deploy.0 = Release|Any CPU
		{70F44E44-7389-498A-B3A8-9FE71738CD8A}.Release|ARM.ActiveCfg = Release|Any CPU
		{70F44E44-7389-498A-B3A8-9FE71738CD8A}.Release|ARM.Build.0 = Release|Any CPU
		{70F44E44-7389-498A-B3A8-9FE71738CD8A}.Release|ARM.Deploy.0 = Release|Any CPU
		{70F44E44-7389-498A-B3A8-9FE71738CD8A}.Release|iPhone.ActiveCfg = Release|Any CPU
		{70F44E44-7389-498A-B3A8-9FE71738CD8A}.Release|iPhone.Build.0 = Release|Any CPU
		{70F44E44-7389-498A-B3A8-9FE71738CD8A}.Release|iPhone.Deploy.0 = Release|Any CPU
		{70F44E44-7389-498A-B3A8-9FE71738CD8A}.Release|iPhoneSimulator.ActiveCfg = Release|Any CPU
		{70F44E44-7389-498A-B3A8-9FE71738CD8A}.Release|iPhoneSimulator.Build.0 = Release|Any CPU
		{70F44E44-7389-498A-B3A8-9FE71738CD8A}.Release|iPhoneSimulator.Deploy.0 = Release|Any CPU
		{70F44E44-7389-498A-B3A8-9FE71738CD8A}.Release|x64.ActiveCfg = Release|Any CPU
		{70F44E44-7389-498A-B3A8-9FE71738CD8A}.Release|x64.Build.0 = Release|Any CPU
		{70F44E44-7389-498A-B3A8-9FE71738CD8A}.Release|x64.Deploy.0 = Release|Any CPU
		{70F44E44-7389-498A-B3A8-9FE71738CD8A}.Release|x86.ActiveCfg = Release|Any CPU
		{70F44E44-7389-498A-B3A8-9FE71738CD8A}.Release|x86.Build.0 = Release|Any CPU
		{70F44E44-7389-498A-B3A8-9FE71738CD8A}.Release|x86.Deploy.0 = Release|Any CPU
		{8D705D5B-04E7-47E6-8430-5A24044D6ED1}.Ad-Hoc|Any CPU.ActiveCfg = Ad-Hoc|iPhone
		{8D705D5B-04E7-47E6-8430-5A24044D6ED1}.Ad-Hoc|ARM.ActiveCfg = Ad-Hoc|iPhone
		{8D705D5B-04E7-47E6-8430-5A24044D6ED1}.Ad-Hoc|iPhone.ActiveCfg = Ad-Hoc|iPhone
		{8D705D5B-04E7-47E6-8430-5A24044D6ED1}.Ad-Hoc|iPhone.Build.0 = Ad-Hoc|iPhone
		{8D705D5B-04E7-47E6-8430-5A24044D6ED1}.Ad-Hoc|iPhoneSimulator.ActiveCfg = Ad-Hoc|iPhoneSimulator
		{8D705D5B-04E7-47E6-8430-5A24044D6ED1}.Ad-Hoc|iPhoneSimulator.Build.0 = Ad-Hoc|iPhoneSimulator
		{8D705D5B-04E7-47E6-8430-5A24044D6ED1}.Ad-Hoc|x64.ActiveCfg = Ad-Hoc|iPhone
		{8D705D5B-04E7-47E6-8430-5A24044D6ED1}.Ad-Hoc|x86.ActiveCfg = Ad-Hoc|iPhone
		{8D705D5B-04E7-47E6-8430-5A24044D6ED1}.AppStore|Any CPU.ActiveCfg = AppStore|iPhone
		{8D705D5B-04E7-47E6-8430-5A24044D6ED1}.AppStore|ARM.ActiveCfg = AppStore|iPhone
		{8D705D5B-04E7-47E6-8430-5A24044D6ED1}.AppStore|iPhone.ActiveCfg = AppStore|iPhone
		{8D705D5B-04E7-47E6-8430-5A24044D6ED1}.AppStore|iPhone.Build.0 = AppStore|iPhone
		{8D705D5B-04E7-47E6-8430-5A24044D6ED1}.AppStore|iPhoneSimulator.ActiveCfg = AppStore|iPhoneSimulator
		{8D705D5B-04E7-47E6-8430-5A24044D6ED1}.AppStore|iPhoneSimulator.Build.0 = AppStore|iPhoneSimulator
		{8D705D5B-04E7-47E6-8430-5A24044D6ED1}.AppStore|x64.ActiveCfg = AppStore|iPhone
		{8D705D5B-04E7-47E6-8430-5A24044D6ED1}.AppStore|x86.ActiveCfg = AppStore|iPhone
		{8D705D5B-04E7-47E6-8430-5A24044D6ED1}.Debug|Any CPU.ActiveCfg = Debug|iPhone
		{8D705D5B-04E7-47E6-8430-5A24044D6ED1}.Debug|ARM.ActiveCfg = Debug|iPhone
		{8D705D5B-04E7-47E6-8430-5A24044D6ED1}.Debug|iPhone.ActiveCfg = Debug|iPhone
		{8D705D5B-04E7-47E6-8430-5A24044D6ED1}.Debug|iPhone.Build.0 = Debug|iPhone
		{8D705D5B-04E7-47E6-8430-5A24044D6ED1}.Debug|iPhoneSimulator.ActiveCfg = Debug|iPhoneSimulator
		{8D705D5B-04E7-47E6-8430-5A24044D6ED1}.Debug|iPhoneSimulator.Build.0 = Debug|iPhoneSimulator
		{8D705D5B-04E7-47E6-8430-5A24044D6ED1}.Debug|x64.ActiveCfg = Debug|iPhone
		{8D705D5B-04E7-47E6-8430-5A24044D6ED1}.Debug|x86.ActiveCfg = Debug|iPhone
		{8D705D5B-04E7-47E6-8430-5A24044D6ED1}.Release|Any CPU.ActiveCfg = Release|iPhone
		{8D705D5B-04E7-47E6-8430-5A24044D6ED1}.Release|ARM.ActiveCfg = Release|iPhone
		{8D705D5B-04E7-47E6-8430-5A24044D6ED1}.Release|iPhone.ActiveCfg = Release|iPhone
		{8D705D5B-04E7-47E6-8430-5A24044D6ED1}.Release|iPhone.Build.0 = Release|iPhone
		{8D705D5B-04E7-47E6-8430-5A24044D6ED1}.Release|iPhoneSimulator.ActiveCfg = Release|iPhoneSimulator
		{8D705D5B-04E7-47E6-8430-5A24044D6ED1}.Release|iPhoneSimulator.Build.0 = Release|iPhoneSimulator
		{8D705D5B-04E7-47E6-8430-5A24044D6ED1}.Release|x64.ActiveCfg = Release|iPhone
		{8D705D5B-04E7-47E6-8430-5A24044D6ED1}.Release|x86.ActiveCfg = Release|iPhone
		{9E2E4898-F2F7-49DC-8EF2-D2093DF1FFA3}.Ad-Hoc|Any CPU.ActiveCfg = Release|x86
		{9E2E4898-F2F7-49DC-8EF2-D2093DF1FFA3}.Ad-Hoc|Any CPU.Build.0 = Release|x86
		{9E2E4898-F2F7-49DC-8EF2-D2093DF1FFA3}.Ad-Hoc|Any CPU.Deploy.0 = Release|x86
		{9E2E4898-F2F7-49DC-8EF2-D2093DF1FFA3}.Ad-Hoc|ARM.ActiveCfg = Release|ARM
		{9E2E4898-F2F7-49DC-8EF2-D2093DF1FFA3}.Ad-Hoc|ARM.Build.0 = Release|ARM
		{9E2E4898-F2F7-49DC-8EF2-D2093DF1FFA3}.Ad-Hoc|ARM.Deploy.0 = Release|ARM
		{9E2E4898-F2F7-49DC-8EF2-D2093DF1FFA3}.Ad-Hoc|iPhone.ActiveCfg = Release|x86
		{9E2E4898-F2F7-49DC-8EF2-D2093DF1FFA3}.Ad-Hoc|iPhone.Build.0 = Release|x86
		{9E2E4898-F2F7-49DC-8EF2-D2093DF1FFA3}.Ad-Hoc|iPhone.Deploy.0 = Release|x86
		{9E2E4898-F2F7-49DC-8EF2-D2093DF1FFA3}.Ad-Hoc|iPhoneSimulator.ActiveCfg = Release|x86
		{9E2E4898-F2F7-49DC-8EF2-D2093DF1FFA3}.Ad-Hoc|iPhoneSimulator.Build.0 = Release|x86
		{9E2E4898-F2F7-49DC-8EF2-D2093DF1FFA3}.Ad-Hoc|iPhoneSimulator.Deploy.0 = Release|x86
		{9E2E4898-F2F7-49DC-8EF2-D2093DF1FFA3}.Ad-Hoc|x64.ActiveCfg = Release|x64
		{9E2E4898-F2F7-49DC-8EF2-D2093DF1FFA3}.Ad-Hoc|x64.Build.0 = Release|x64
		{9E2E4898-F2F7-49DC-8EF2-D2093DF1FFA3}.Ad-Hoc|x64.Deploy.0 = Release|x64
		{9E2E4898-F2F7-49DC-8EF2-D2093DF1FFA3}.Ad-Hoc|x86.ActiveCfg = Release|x86
		{9E2E4898-F2F7-49DC-8EF2-D2093DF1FFA3}.Ad-Hoc|x86.Build.0 = Release|x86
		{9E2E4898-F2F7-49DC-8EF2-D2093DF1FFA3}.Ad-Hoc|x86.Deploy.0 = Release|x86
		{9E2E4898-F2F7-49DC-8EF2-D2093DF1FFA3}.AppStore|Any CPU.ActiveCfg = Release|x86
		{9E2E4898-F2F7-49DC-8EF2-D2093DF1FFA3}.AppStore|Any CPU.Build.0 = Release|x86
		{9E2E4898-F2F7-49DC-8EF2-D2093DF1FFA3}.AppStore|Any CPU.Deploy.0 = Release|x86
		{9E2E4898-F2F7-49DC-8EF2-D2093DF1FFA3}.AppStore|ARM.ActiveCfg = Release|ARM
		{9E2E4898-F2F7-49DC-8EF2-D2093DF1FFA3}.AppStore|ARM.Build.0 = Release|ARM
		{9E2E4898-F2F7-49DC-8EF2-D2093DF1FFA3}.AppStore|ARM.Deploy.0 = Release|ARM
		{9E2E4898-F2F7-49DC-8EF2-D2093DF1FFA3}.AppStore|iPhone.ActiveCfg = Release|x86
		{9E2E4898-F2F7-49DC-8EF2-D2093DF1FFA3}.AppStore|iPhone.Build.0 = Release|x86
		{9E2E4898-F2F7-49DC-8EF2-D2093DF1FFA3}.AppStore|iPhone.Deploy.0 = Release|x86
		{9E2E4898-F2F7-49DC-8EF2-D2093DF1FFA3}.AppStore|iPhoneSimulator.ActiveCfg = Release|x86
		{9E2E4898-F2F7-49DC-8EF2-D2093DF1FFA3}.AppStore|iPhoneSimulator.Build.0 = Release|x86
		{9E2E4898-F2F7-49DC-8EF2-D2093DF1FFA3}.AppStore|iPhoneSimulator.Deploy.0 = Release|x86
		{9E2E4898-F2F7-49DC-8EF2-D2093DF1FFA3}.AppStore|x64.ActiveCfg = Release|x64
		{9E2E4898-F2F7-49DC-8EF2-D2093DF1FFA3}.AppStore|x64.Build.0 = Release|x64
		{9E2E4898-F2F7-49DC-8EF2-D2093DF1FFA3}.AppStore|x64.Deploy.0 = Release|x64
		{9E2E4898-F2F7-49DC-8EF2-D2093DF1FFA3}.AppStore|x86.ActiveCfg = Release|x86
		{9E2E4898-F2F7-49DC-8EF2-D2093DF1FFA3}.AppStore|x86.Build.0 = Release|x86
		{9E2E4898-F2F7-49DC-8EF2-D2093DF1FFA3}.AppStore|x86.Deploy.0 = Release|x86
		{9E2E4898-F2F7-49DC-8EF2-D2093DF1FFA3}.Debug|Any CPU.ActiveCfg = Debug|x86
		{9E2E4898-F2F7-49DC-8EF2-D2093DF1FFA3}.Debug|ARM.ActiveCfg = Debug|ARM
		{9E2E4898-F2F7-49DC-8EF2-D2093DF1FFA3}.Debug|ARM.Build.0 = Debug|ARM
		{9E2E4898-F2F7-49DC-8EF2-D2093DF1FFA3}.Debug|ARM.Deploy.0 = Debug|ARM
		{9E2E4898-F2F7-49DC-8EF2-D2093DF1FFA3}.Debug|iPhone.ActiveCfg = Debug|x86
		{9E2E4898-F2F7-49DC-8EF2-D2093DF1FFA3}.Debug|iPhoneSimulator.ActiveCfg = Debug|x86
		{9E2E4898-F2F7-49DC-8EF2-D2093DF1FFA3}.Debug|x64.ActiveCfg = Debug|x64
		{9E2E4898-F2F7-49DC-8EF2-D2093DF1FFA3}.Debug|x64.Build.0 = Debug|x64
		{9E2E4898-F2F7-49DC-8EF2-D2093DF1FFA3}.Debug|x64.Deploy.0 = Debug|x64
		{9E2E4898-F2F7-49DC-8EF2-D2093DF1FFA3}.Debug|x86.ActiveCfg = Debug|x86
		{9E2E4898-F2F7-49DC-8EF2-D2093DF1FFA3}.Debug|x86.Build.0 = Debug|x86
		{9E2E4898-F2F7-49DC-8EF2-D2093DF1FFA3}.Debug|x86.Deploy.0 = Debug|x86
		{9E2E4898-F2F7-49DC-8EF2-D2093DF1FFA3}.Release|Any CPU.ActiveCfg = Release|x86
		{9E2E4898-F2F7-49DC-8EF2-D2093DF1FFA3}.Release|ARM.ActiveCfg = Release|ARM
		{9E2E4898-F2F7-49DC-8EF2-D2093DF1FFA3}.Release|ARM.Build.0 = Release|ARM
		{9E2E4898-F2F7-49DC-8EF2-D2093DF1FFA3}.Release|ARM.Deploy.0 = Release|ARM
		{9E2E4898-F2F7-49DC-8EF2-D2093DF1FFA3}.Release|iPhone.ActiveCfg = Release|x86
		{9E2E4898-F2F7-49DC-8EF2-D2093DF1FFA3}.Release|iPhoneSimulator.ActiveCfg = Release|x86
		{9E2E4898-F2F7-49DC-8EF2-D2093DF1FFA3}.Release|x64.ActiveCfg = Release|x64
		{9E2E4898-F2F7-49DC-8EF2-D2093DF1FFA3}.Release|x64.Build.0 = Release|x64
		{9E2E4898-F2F7-49DC-8EF2-D2093DF1FFA3}.Release|x64.Deploy.0 = Release|x64
		{9E2E4898-F2F7-49DC-8EF2-D2093DF1FFA3}.Release|x86.ActiveCfg = Release|x86
		{9E2E4898-F2F7-49DC-8EF2-D2093DF1FFA3}.Release|x86.Build.0 = Release|x86
		{9E2E4898-F2F7-49DC-8EF2-D2093DF1FFA3}.Release|x86.Deploy.0 = Release|x86
		{55A29405-45C5-490E-AE58-53F705D60093}.Ad-Hoc|Any CPU.ActiveCfg = Debug|Any CPU
		{55A29405-45C5-490E-AE58-53F705D60093}.Ad-Hoc|Any CPU.Build.0 = Debug|Any CPU
		{55A29405-45C5-490E-AE58-53F705D60093}.Ad-Hoc|ARM.ActiveCfg = Debug|Any CPU
		{55A29405-45C5-490E-AE58-53F705D60093}.Ad-Hoc|ARM.Build.0 = Debug|Any CPU
		{55A29405-45C5-490E-AE58-53F705D60093}.Ad-Hoc|iPhone.ActiveCfg = Debug|Any CPU
		{55A29405-45C5-490E-AE58-53F705D60093}.Ad-Hoc|iPhone.Build.0 = Debug|Any CPU
		{55A29405-45C5-490E-AE58-53F705D60093}.Ad-Hoc|iPhoneSimulator.ActiveCfg = Debug|Any CPU
		{55A29405-45C5-490E-AE58-53F705D60093}.Ad-Hoc|iPhoneSimulator.Build.0 = Debug|Any CPU
		{55A29405-45C5-490E-AE58-53F705D60093}.Ad-Hoc|x64.ActiveCfg = Debug|Any CPU
		{55A29405-45C5-490E-AE58-53F705D60093}.Ad-Hoc|x64.Build.0 = Debug|Any CPU
		{55A29405-45C5-490E-AE58-53F705D60093}.Ad-Hoc|x86.ActiveCfg = Debug|Any CPU
		{55A29405-45C5-490E-AE58-53F705D60093}.Ad-Hoc|x86.Build.0 = Debug|Any CPU
		{55A29405-45C5-490E-AE58-53F705D60093}.AppStore|Any CPU.ActiveCfg = Debug|Any CPU
		{55A29405-45C5-490E-AE58-53F705D60093}.AppStore|Any CPU.Build.0 = Debug|Any CPU
		{55A29405-45C5-490E-AE58-53F705D60093}.AppStore|ARM.ActiveCfg = Debug|Any CPU
		{55A29405-45C5-490E-AE58-53F705D60093}.AppStore|ARM.Build.0 = Debug|Any CPU
		{55A29405-45C5-490E-AE58-53F705D60093}.AppStore|iPhone.ActiveCfg = Debug|Any CPU
		{55A29405-45C5-490E-AE58-53F705D60093}.AppStore|iPhone.Build.0 = Debug|Any CPU
		{55A29405-45C5-490E-AE58-53F705D60093}.AppStore|iPhoneSimulator.ActiveCfg = Debug|Any CPU
		{55A29405-45C5-490E-AE58-53F705D60093}.AppStore|iPhoneSimulator.Build.0 = Debug|Any CPU
		{55A29405-45C5-490E-AE58-53F705D60093}.AppStore|x64.ActiveCfg = Debug|Any CPU
		{55A29405-45C5-490E-AE58-53F705D60093}.AppStore|x64.Build.0 = Debug|Any CPU
		{55A29405-45C5-490E-AE58-53F705D60093}.AppStore|x86.ActiveCfg = Debug|Any CPU
		{55A29405-45C5-490E-AE58-53F705D60093}.AppStore|x86.Build.0 = Debug|Any CPU
		{55A29405-45C5-490E-AE58-53F705D60093}.Debug|Any CPU.ActiveCfg = Debug|Any CPU
		{55A29405-45C5-490E-AE58-53F705D60093}.Debug|Any CPU.Build.0 = Debug|Any CPU
		{55A29405-45C5-490E-AE58-53F705D60093}.Debug|ARM.ActiveCfg = Debug|Any CPU
		{55A29405-45C5-490E-AE58-53F705D60093}.Debug|ARM.Build.0 = Debug|Any CPU
		{55A29405-45C5-490E-AE58-53F705D60093}.Debug|iPhone.ActiveCfg = Debug|Any CPU
		{55A29405-45C5-490E-AE58-53F705D60093}.Debug|iPhone.Build.0 = Debug|Any CPU
		{55A29405-45C5-490E-AE58-53F705D60093}.Debug|iPhoneSimulator.ActiveCfg = Debug|Any CPU
		{55A29405-45C5-490E-AE58-53F705D60093}.Debug|iPhoneSimulator.Build.0 = Debug|Any CPU
		{55A29405-45C5-490E-AE58-53F705D60093}.Debug|x64.ActiveCfg = Debug|Any CPU
		{55A29405-45C5-490E-AE58-53F705D60093}.Debug|x64.Build.0 = Debug|Any CPU
		{55A29405-45C5-490E-AE58-53F705D60093}.Debug|x86.ActiveCfg = Debug|Any CPU
		{55A29405-45C5-490E-AE58-53F705D60093}.Debug|x86.Build.0 = Debug|Any CPU
		{55A29405-45C5-490E-AE58-53F705D60093}.Release|Any CPU.ActiveCfg = Release|Any CPU
		{55A29405-45C5-490E-AE58-53F705D60093}.Release|Any CPU.Build.0 = Release|Any CPU
		{55A29405-45C5-490E-AE58-53F705D60093}.Release|ARM.ActiveCfg = Release|Any CPU
		{55A29405-45C5-490E-AE58-53F705D60093}.Release|ARM.Build.0 = Release|Any CPU
		{55A29405-45C5-490E-AE58-53F705D60093}.Release|iPhone.ActiveCfg = Release|Any CPU
		{55A29405-45C5-490E-AE58-53F705D60093}.Release|iPhone.Build.0 = Release|Any CPU
		{55A29405-45C5-490E-AE58-53F705D60093}.Release|iPhoneSimulator.ActiveCfg = Release|Any CPU
		{55A29405-45C5-490E-AE58-53F705D60093}.Release|iPhoneSimulator.Build.0 = Release|Any CPU
		{55A29405-45C5-490E-AE58-53F705D60093}.Release|x64.ActiveCfg = Release|Any CPU
		{55A29405-45C5-490E-AE58-53F705D60093}.Release|x64.Build.0 = Release|Any CPU
		{55A29405-45C5-490E-AE58-53F705D60093}.Release|x86.ActiveCfg = Release|Any CPU
		{55A29405-45C5-490E-AE58-53F705D60093}.Release|x86.Build.0 = Release|Any CPU
		{C56BB16A-599B-44D6-8E07-8CFC3848BCB8}.Ad-Hoc|Any CPU.ActiveCfg = Debug|Any CPU
		{C56BB16A-599B-44D6-8E07-8CFC3848BCB8}.Ad-Hoc|Any CPU.Build.0 = Debug|Any CPU
		{C56BB16A-599B-44D6-8E07-8CFC3848BCB8}.Ad-Hoc|ARM.ActiveCfg = Debug|Any CPU
		{C56BB16A-599B-44D6-8E07-8CFC3848BCB8}.Ad-Hoc|ARM.Build.0 = Debug|Any CPU
		{C56BB16A-599B-44D6-8E07-8CFC3848BCB8}.Ad-Hoc|iPhone.ActiveCfg = Debug|Any CPU
		{C56BB16A-599B-44D6-8E07-8CFC3848BCB8}.Ad-Hoc|iPhone.Build.0 = Debug|Any CPU
		{C56BB16A-599B-44D6-8E07-8CFC3848BCB8}.Ad-Hoc|iPhoneSimulator.ActiveCfg = Debug|Any CPU
		{C56BB16A-599B-44D6-8E07-8CFC3848BCB8}.Ad-Hoc|iPhoneSimulator.Build.0 = Debug|Any CPU
		{C56BB16A-599B-44D6-8E07-8CFC3848BCB8}.Ad-Hoc|x64.ActiveCfg = Debug|Any CPU
		{C56BB16A-599B-44D6-8E07-8CFC3848BCB8}.Ad-Hoc|x64.Build.0 = Debug|Any CPU
		{C56BB16A-599B-44D6-8E07-8CFC3848BCB8}.Ad-Hoc|x86.ActiveCfg = Debug|Any CPU
		{C56BB16A-599B-44D6-8E07-8CFC3848BCB8}.Ad-Hoc|x86.Build.0 = Debug|Any CPU
		{C56BB16A-599B-44D6-8E07-8CFC3848BCB8}.AppStore|Any CPU.ActiveCfg = Debug|Any CPU
		{C56BB16A-599B-44D6-8E07-8CFC3848BCB8}.AppStore|Any CPU.Build.0 = Debug|Any CPU
		{C56BB16A-599B-44D6-8E07-8CFC3848BCB8}.AppStore|ARM.ActiveCfg = Debug|Any CPU
		{C56BB16A-599B-44D6-8E07-8CFC3848BCB8}.AppStore|ARM.Build.0 = Debug|Any CPU
		{C56BB16A-599B-44D6-8E07-8CFC3848BCB8}.AppStore|iPhone.ActiveCfg = Debug|Any CPU
		{C56BB16A-599B-44D6-8E07-8CFC3848BCB8}.AppStore|iPhone.Build.0 = Debug|Any CPU
		{C56BB16A-599B-44D6-8E07-8CFC3848BCB8}.AppStore|iPhoneSimulator.ActiveCfg = Debug|Any CPU
		{C56BB16A-599B-44D6-8E07-8CFC3848BCB8}.AppStore|iPhoneSimulator.Build.0 = Debug|Any CPU
		{C56BB16A-599B-44D6-8E07-8CFC3848BCB8}.AppStore|x64.ActiveCfg = Debug|Any CPU
		{C56BB16A-599B-44D6-8E07-8CFC3848BCB8}.AppStore|x64.Build.0 = Debug|Any CPU
		{C56BB16A-599B-44D6-8E07-8CFC3848BCB8}.AppStore|x86.ActiveCfg = Debug|Any CPU
		{C56BB16A-599B-44D6-8E07-8CFC3848BCB8}.AppStore|x86.Build.0 = Debug|Any CPU
		{C56BB16A-599B-44D6-8E07-8CFC3848BCB8}.Debug|Any CPU.ActiveCfg = Debug|Any CPU
		{C56BB16A-599B-44D6-8E07-8CFC3848BCB8}.Debug|Any CPU.Build.0 = Debug|Any CPU
		{C56BB16A-599B-44D6-8E07-8CFC3848BCB8}.Debug|ARM.ActiveCfg = Debug|Any CPU
		{C56BB16A-599B-44D6-8E07-8CFC3848BCB8}.Debug|ARM.Build.0 = Debug|Any CPU
		{C56BB16A-599B-44D6-8E07-8CFC3848BCB8}.Debug|iPhone.ActiveCfg = Debug|Any CPU
		{C56BB16A-599B-44D6-8E07-8CFC3848BCB8}.Debug|iPhone.Build.0 = Debug|Any CPU
		{C56BB16A-599B-44D6-8E07-8CFC3848BCB8}.Debug|iPhoneSimulator.ActiveCfg = Debug|Any CPU
		{C56BB16A-599B-44D6-8E07-8CFC3848BCB8}.Debug|iPhoneSimulator.Build.0 = Debug|Any CPU
		{C56BB16A-599B-44D6-8E07-8CFC3848BCB8}.Debug|x64.ActiveCfg = Debug|Any CPU
		{C56BB16A-599B-44D6-8E07-8CFC3848BCB8}.Debug|x64.Build.0 = Debug|Any CPU
		{C56BB16A-599B-44D6-8E07-8CFC3848BCB8}.Debug|x86.ActiveCfg = Debug|Any CPU
		{C56BB16A-599B-44D6-8E07-8CFC3848BCB8}.Debug|x86.Build.0 = Debug|Any CPU
		{C56BB16A-599B-44D6-8E07-8CFC3848BCB8}.Release|Any CPU.ActiveCfg = Release|Any CPU
		{C56BB16A-599B-44D6-8E07-8CFC3848BCB8}.Release|Any CPU.Build.0 = Release|Any CPU
		{C56BB16A-599B-44D6-8E07-8CFC3848BCB8}.Release|ARM.ActiveCfg = Release|Any CPU
		{C56BB16A-599B-44D6-8E07-8CFC3848BCB8}.Release|ARM.Build.0 = Release|Any CPU
		{C56BB16A-599B-44D6-8E07-8CFC3848BCB8}.Release|iPhone.ActiveCfg = Release|Any CPU
		{C56BB16A-599B-44D6-8E07-8CFC3848BCB8}.Release|iPhone.Build.0 = Release|Any CPU
		{C56BB16A-599B-44D6-8E07-8CFC3848BCB8}.Release|iPhoneSimulator.ActiveCfg = Release|Any CPU
		{C56BB16A-599B-44D6-8E07-8CFC3848BCB8}.Release|iPhoneSimulator.Build.0 = Release|Any CPU
		{C56BB16A-599B-44D6-8E07-8CFC3848BCB8}.Release|x64.ActiveCfg = Release|Any CPU
		{C56BB16A-599B-44D6-8E07-8CFC3848BCB8}.Release|x64.Build.0 = Release|Any CPU
		{C56BB16A-599B-44D6-8E07-8CFC3848BCB8}.Release|x86.ActiveCfg = Release|Any CPU
		{C56BB16A-599B-44D6-8E07-8CFC3848BCB8}.Release|x86.Build.0 = Release|Any CPU
		{5ED88FE1-CED0-48B5-B526-B39F93E39701}.Ad-Hoc|Any CPU.ActiveCfg = Debug|Any CPU
		{5ED88FE1-CED0-48B5-B526-B39F93E39701}.Ad-Hoc|Any CPU.Build.0 = Debug|Any CPU
		{5ED88FE1-CED0-48B5-B526-B39F93E39701}.Ad-Hoc|ARM.ActiveCfg = Debug|Any CPU
		{5ED88FE1-CED0-48B5-B526-B39F93E39701}.Ad-Hoc|ARM.Build.0 = Debug|Any CPU
		{5ED88FE1-CED0-48B5-B526-B39F93E39701}.Ad-Hoc|iPhone.ActiveCfg = Debug|Any CPU
		{5ED88FE1-CED0-48B5-B526-B39F93E39701}.Ad-Hoc|iPhone.Build.0 = Debug|Any CPU
		{5ED88FE1-CED0-48B5-B526-B39F93E39701}.Ad-Hoc|iPhoneSimulator.ActiveCfg = Debug|Any CPU
		{5ED88FE1-CED0-48B5-B526-B39F93E39701}.Ad-Hoc|iPhoneSimulator.Build.0 = Debug|Any CPU
		{5ED88FE1-CED0-48B5-B526-B39F93E39701}.Ad-Hoc|x64.ActiveCfg = Debug|Any CPU
		{5ED88FE1-CED0-48B5-B526-B39F93E39701}.Ad-Hoc|x64.Build.0 = Debug|Any CPU
		{5ED88FE1-CED0-48B5-B526-B39F93E39701}.Ad-Hoc|x86.ActiveCfg = Debug|Any CPU
		{5ED88FE1-CED0-48B5-B526-B39F93E39701}.Ad-Hoc|x86.Build.0 = Debug|Any CPU
		{5ED88FE1-CED0-48B5-B526-B39F93E39701}.AppStore|Any CPU.ActiveCfg = Debug|Any CPU
		{5ED88FE1-CED0-48B5-B526-B39F93E39701}.AppStore|Any CPU.Build.0 = Debug|Any CPU
		{5ED88FE1-CED0-48B5-B526-B39F93E39701}.AppStore|ARM.ActiveCfg = Debug|Any CPU
		{5ED88FE1-CED0-48B5-B526-B39F93E39701}.AppStore|ARM.Build.0 = Debug|Any CPU
		{5ED88FE1-CED0-48B5-B526-B39F93E39701}.AppStore|iPhone.ActiveCfg = Debug|Any CPU
		{5ED88FE1-CED0-48B5-B526-B39F93E39701}.AppStore|iPhone.Build.0 = Debug|Any CPU
		{5ED88FE1-CED0-48B5-B526-B39F93E39701}.AppStore|iPhoneSimulator.ActiveCfg = Debug|Any CPU
		{5ED88FE1-CED0-48B5-B526-B39F93E39701}.AppStore|iPhoneSimulator.Build.0 = Debug|Any CPU
		{5ED88FE1-CED0-48B5-B526-B39F93E39701}.AppStore|x64.ActiveCfg = Debug|Any CPU
		{5ED88FE1-CED0-48B5-B526-B39F93E39701}.AppStore|x64.Build.0 = Debug|Any CPU
		{5ED88FE1-CED0-48B5-B526-B39F93E39701}.AppStore|x86.ActiveCfg = Debug|Any CPU
		{5ED88FE1-CED0-48B5-B526-B39F93E39701}.AppStore|x86.Build.0 = Debug|Any CPU
		{5ED88FE1-CED0-48B5-B526-B39F93E39701}.Debug|Any CPU.ActiveCfg = Debug|Any CPU
		{5ED88FE1-CED0-48B5-B526-B39F93E39701}.Debug|Any CPU.Build.0 = Debug|Any CPU
		{5ED88FE1-CED0-48B5-B526-B39F93E39701}.Debug|ARM.ActiveCfg = Debug|Any CPU
		{5ED88FE1-CED0-48B5-B526-B39F93E39701}.Debug|ARM.Build.0 = Debug|Any CPU
		{5ED88FE1-CED0-48B5-B526-B39F93E39701}.Debug|iPhone.ActiveCfg = Debug|Any CPU
		{5ED88FE1-CED0-48B5-B526-B39F93E39701}.Debug|iPhone.Build.0 = Debug|Any CPU
		{5ED88FE1-CED0-48B5-B526-B39F93E39701}.Debug|iPhoneSimulator.ActiveCfg = Debug|Any CPU
		{5ED88FE1-CED0-48B5-B526-B39F93E39701}.Debug|iPhoneSimulator.Build.0 = Debug|Any CPU
		{5ED88FE1-CED0-48B5-B526-B39F93E39701}.Debug|x64.ActiveCfg = Debug|Any CPU
		{5ED88FE1-CED0-48B5-B526-B39F93E39701}.Debug|x64.Build.0 = Debug|Any CPU
		{5ED88FE1-CED0-48B5-B526-B39F93E39701}.Debug|x86.ActiveCfg = Debug|Any CPU
		{5ED88FE1-CED0-48B5-B526-B39F93E39701}.Debug|x86.Build.0 = Debug|Any CPU
		{5ED88FE1-CED0-48B5-B526-B39F93E39701}.Release|Any CPU.ActiveCfg = Release|Any CPU
		{5ED88FE1-CED0-48B5-B526-B39F93E39701}.Release|Any CPU.Build.0 = Release|Any CPU
		{5ED88FE1-CED0-48B5-B526-B39F93E39701}.Release|ARM.ActiveCfg = Release|Any CPU
		{5ED88FE1-CED0-48B5-B526-B39F93E39701}.Release|ARM.Build.0 = Release|Any CPU
		{5ED88FE1-CED0-48B5-B526-B39F93E39701}.Release|iPhone.ActiveCfg = Release|Any CPU
		{5ED88FE1-CED0-48B5-B526-B39F93E39701}.Release|iPhone.Build.0 = Release|Any CPU
		{5ED88FE1-CED0-48B5-B526-B39F93E39701}.Release|iPhoneSimulator.ActiveCfg = Release|Any CPU
		{5ED88FE1-CED0-48B5-B526-B39F93E39701}.Release|iPhoneSimulator.Build.0 = Release|Any CPU
		{5ED88FE1-CED0-48B5-B526-B39F93E39701}.Release|x64.ActiveCfg = Release|Any CPU
		{5ED88FE1-CED0-48B5-B526-B39F93E39701}.Release|x64.Build.0 = Release|Any CPU
		{5ED88FE1-CED0-48B5-B526-B39F93E39701}.Release|x86.ActiveCfg = Release|Any CPU
		{5ED88FE1-CED0-48B5-B526-B39F93E39701}.Release|x86.Build.0 = Release|Any CPU
		{C8A380B3-A324-439F-BC55-6F9FA88147A1}.Ad-Hoc|Any CPU.ActiveCfg = Debug|Any CPU
		{C8A380B3-A324-439F-BC55-6F9FA88147A1}.Ad-Hoc|Any CPU.Build.0 = Debug|Any CPU
		{C8A380B3-A324-439F-BC55-6F9FA88147A1}.Ad-Hoc|ARM.ActiveCfg = Debug|Any CPU
		{C8A380B3-A324-439F-BC55-6F9FA88147A1}.Ad-Hoc|ARM.Build.0 = Debug|Any CPU
		{C8A380B3-A324-439F-BC55-6F9FA88147A1}.Ad-Hoc|iPhone.ActiveCfg = Debug|Any CPU
		{C8A380B3-A324-439F-BC55-6F9FA88147A1}.Ad-Hoc|iPhone.Build.0 = Debug|Any CPU
		{C8A380B3-A324-439F-BC55-6F9FA88147A1}.Ad-Hoc|iPhoneSimulator.ActiveCfg = Debug|Any CPU
		{C8A380B3-A324-439F-BC55-6F9FA88147A1}.Ad-Hoc|iPhoneSimulator.Build.0 = Debug|Any CPU
		{C8A380B3-A324-439F-BC55-6F9FA88147A1}.Ad-Hoc|x64.ActiveCfg = Debug|Any CPU
		{C8A380B3-A324-439F-BC55-6F9FA88147A1}.Ad-Hoc|x64.Build.0 = Debug|Any CPU
		{C8A380B3-A324-439F-BC55-6F9FA88147A1}.Ad-Hoc|x86.ActiveCfg = Debug|Any CPU
		{C8A380B3-A324-439F-BC55-6F9FA88147A1}.Ad-Hoc|x86.Build.0 = Debug|Any CPU
		{C8A380B3-A324-439F-BC55-6F9FA88147A1}.AppStore|Any CPU.ActiveCfg = Debug|Any CPU
		{C8A380B3-A324-439F-BC55-6F9FA88147A1}.AppStore|Any CPU.Build.0 = Debug|Any CPU
		{C8A380B3-A324-439F-BC55-6F9FA88147A1}.AppStore|ARM.ActiveCfg = Debug|Any CPU
		{C8A380B3-A324-439F-BC55-6F9FA88147A1}.AppStore|ARM.Build.0 = Debug|Any CPU
		{C8A380B3-A324-439F-BC55-6F9FA88147A1}.AppStore|iPhone.ActiveCfg = Debug|Any CPU
		{C8A380B3-A324-439F-BC55-6F9FA88147A1}.AppStore|iPhone.Build.0 = Debug|Any CPU
		{C8A380B3-A324-439F-BC55-6F9FA88147A1}.AppStore|iPhoneSimulator.ActiveCfg = Debug|Any CPU
		{C8A380B3-A324-439F-BC55-6F9FA88147A1}.AppStore|iPhoneSimulator.Build.0 = Debug|Any CPU
		{C8A380B3-A324-439F-BC55-6F9FA88147A1}.AppStore|x64.ActiveCfg = Debug|Any CPU
		{C8A380B3-A324-439F-BC55-6F9FA88147A1}.AppStore|x64.Build.0 = Debug|Any CPU
		{C8A380B3-A324-439F-BC55-6F9FA88147A1}.AppStore|x86.ActiveCfg = Debug|Any CPU
		{C8A380B3-A324-439F-BC55-6F9FA88147A1}.AppStore|x86.Build.0 = Debug|Any CPU
		{C8A380B3-A324-439F-BC55-6F9FA88147A1}.Debug|Any CPU.ActiveCfg = Debug|Any CPU
		{C8A380B3-A324-439F-BC55-6F9FA88147A1}.Debug|Any CPU.Build.0 = Debug|Any CPU
		{C8A380B3-A324-439F-BC55-6F9FA88147A1}.Debug|ARM.ActiveCfg = Debug|Any CPU
		{C8A380B3-A324-439F-BC55-6F9FA88147A1}.Debug|ARM.Build.0 = Debug|Any CPU
		{C8A380B3-A324-439F-BC55-6F9FA88147A1}.Debug|iPhone.ActiveCfg = Debug|Any CPU
		{C8A380B3-A324-439F-BC55-6F9FA88147A1}.Debug|iPhone.Build.0 = Debug|Any CPU
		{C8A380B3-A324-439F-BC55-6F9FA88147A1}.Debug|iPhoneSimulator.ActiveCfg = Debug|Any CPU
		{C8A380B3-A324-439F-BC55-6F9FA88147A1}.Debug|iPhoneSimulator.Build.0 = Debug|Any CPU
		{C8A380B3-A324-439F-BC55-6F9FA88147A1}.Debug|x64.ActiveCfg = Debug|Any CPU
		{C8A380B3-A324-439F-BC55-6F9FA88147A1}.Debug|x64.Build.0 = Debug|Any CPU
		{C8A380B3-A324-439F-BC55-6F9FA88147A1}.Debug|x86.ActiveCfg = Debug|Any CPU
		{C8A380B3-A324-439F-BC55-6F9FA88147A1}.Debug|x86.Build.0 = Debug|Any CPU
		{C8A380B3-A324-439F-BC55-6F9FA88147A1}.Release|Any CPU.ActiveCfg = Release|Any CPU
		{C8A380B3-A324-439F-BC55-6F9FA88147A1}.Release|Any CPU.Build.0 = Release|Any CPU
		{C8A380B3-A324-439F-BC55-6F9FA88147A1}.Release|ARM.ActiveCfg = Release|Any CPU
		{C8A380B3-A324-439F-BC55-6F9FA88147A1}.Release|ARM.Build.0 = Release|Any CPU
		{C8A380B3-A324-439F-BC55-6F9FA88147A1}.Release|iPhone.ActiveCfg = Release|Any CPU
		{C8A380B3-A324-439F-BC55-6F9FA88147A1}.Release|iPhone.Build.0 = Release|Any CPU
		{C8A380B3-A324-439F-BC55-6F9FA88147A1}.Release|iPhoneSimulator.ActiveCfg = Release|Any CPU
		{C8A380B3-A324-439F-BC55-6F9FA88147A1}.Release|iPhoneSimulator.Build.0 = Release|Any CPU
		{C8A380B3-A324-439F-BC55-6F9FA88147A1}.Release|x64.ActiveCfg = Release|Any CPU
		{C8A380B3-A324-439F-BC55-6F9FA88147A1}.Release|x64.Build.0 = Release|Any CPU
		{C8A380B3-A324-439F-BC55-6F9FA88147A1}.Release|x86.ActiveCfg = Release|Any CPU
		{C8A380B3-A324-439F-BC55-6F9FA88147A1}.Release|x86.Build.0 = Release|Any CPU
		{A10557FE-964B-4590-8D89-DC1CDCD3B1C3}.Ad-Hoc|Any CPU.ActiveCfg = Debug|Any CPU
		{A10557FE-964B-4590-8D89-DC1CDCD3B1C3}.Ad-Hoc|Any CPU.Build.0 = Debug|Any CPU
		{A10557FE-964B-4590-8D89-DC1CDCD3B1C3}.Ad-Hoc|ARM.ActiveCfg = Debug|Any CPU
		{A10557FE-964B-4590-8D89-DC1CDCD3B1C3}.Ad-Hoc|ARM.Build.0 = Debug|Any CPU
		{A10557FE-964B-4590-8D89-DC1CDCD3B1C3}.Ad-Hoc|iPhone.ActiveCfg = Debug|Any CPU
		{A10557FE-964B-4590-8D89-DC1CDCD3B1C3}.Ad-Hoc|iPhone.Build.0 = Debug|Any CPU
		{A10557FE-964B-4590-8D89-DC1CDCD3B1C3}.Ad-Hoc|iPhoneSimulator.ActiveCfg = Debug|Any CPU
		{A10557FE-964B-4590-8D89-DC1CDCD3B1C3}.Ad-Hoc|iPhoneSimulator.Build.0 = Debug|Any CPU
		{A10557FE-964B-4590-8D89-DC1CDCD3B1C3}.Ad-Hoc|x64.ActiveCfg = Debug|Any CPU
		{A10557FE-964B-4590-8D89-DC1CDCD3B1C3}.Ad-Hoc|x64.Build.0 = Debug|Any CPU
		{A10557FE-964B-4590-8D89-DC1CDCD3B1C3}.Ad-Hoc|x86.ActiveCfg = Debug|Any CPU
		{A10557FE-964B-4590-8D89-DC1CDCD3B1C3}.Ad-Hoc|x86.Build.0 = Debug|Any CPU
		{A10557FE-964B-4590-8D89-DC1CDCD3B1C3}.AppStore|Any CPU.ActiveCfg = Debug|Any CPU
		{A10557FE-964B-4590-8D89-DC1CDCD3B1C3}.AppStore|Any CPU.Build.0 = Debug|Any CPU
		{A10557FE-964B-4590-8D89-DC1CDCD3B1C3}.AppStore|ARM.ActiveCfg = Debug|Any CPU
		{A10557FE-964B-4590-8D89-DC1CDCD3B1C3}.AppStore|ARM.Build.0 = Debug|Any CPU
		{A10557FE-964B-4590-8D89-DC1CDCD3B1C3}.AppStore|iPhone.ActiveCfg = Debug|Any CPU
		{A10557FE-964B-4590-8D89-DC1CDCD3B1C3}.AppStore|iPhone.Build.0 = Debug|Any CPU
		{A10557FE-964B-4590-8D89-DC1CDCD3B1C3}.AppStore|iPhoneSimulator.ActiveCfg = Debug|Any CPU
		{A10557FE-964B-4590-8D89-DC1CDCD3B1C3}.AppStore|iPhoneSimulator.Build.0 = Debug|Any CPU
		{A10557FE-964B-4590-8D89-DC1CDCD3B1C3}.AppStore|x64.ActiveCfg = Debug|Any CPU
		{A10557FE-964B-4590-8D89-DC1CDCD3B1C3}.AppStore|x64.Build.0 = Debug|Any CPU
		{A10557FE-964B-4590-8D89-DC1CDCD3B1C3}.AppStore|x86.ActiveCfg = Debug|Any CPU
		{A10557FE-964B-4590-8D89-DC1CDCD3B1C3}.AppStore|x86.Build.0 = Debug|Any CPU
		{A10557FE-964B-4590-8D89-DC1CDCD3B1C3}.Debug|Any CPU.ActiveCfg = Debug|Any CPU
		{A10557FE-964B-4590-8D89-DC1CDCD3B1C3}.Debug|Any CPU.Build.0 = Debug|Any CPU
		{A10557FE-964B-4590-8D89-DC1CDCD3B1C3}.Debug|ARM.ActiveCfg = Debug|Any CPU
		{A10557FE-964B-4590-8D89-DC1CDCD3B1C3}.Debug|ARM.Build.0 = Debug|Any CPU
		{A10557FE-964B-4590-8D89-DC1CDCD3B1C3}.Debug|iPhone.ActiveCfg = Debug|Any CPU
		{A10557FE-964B-4590-8D89-DC1CDCD3B1C3}.Debug|iPhone.Build.0 = Debug|Any CPU
		{A10557FE-964B-4590-8D89-DC1CDCD3B1C3}.Debug|iPhoneSimulator.ActiveCfg = Debug|Any CPU
		{A10557FE-964B-4590-8D89-DC1CDCD3B1C3}.Debug|iPhoneSimulator.Build.0 = Debug|Any CPU
		{A10557FE-964B-4590-8D89-DC1CDCD3B1C3}.Debug|x64.ActiveCfg = Debug|Any CPU
		{A10557FE-964B-4590-8D89-DC1CDCD3B1C3}.Debug|x64.Build.0 = Debug|Any CPU
		{A10557FE-964B-4590-8D89-DC1CDCD3B1C3}.Debug|x86.ActiveCfg = Debug|Any CPU
		{A10557FE-964B-4590-8D89-DC1CDCD3B1C3}.Debug|x86.Build.0 = Debug|Any CPU
		{A10557FE-964B-4590-8D89-DC1CDCD3B1C3}.Release|Any CPU.ActiveCfg = Release|Any CPU
		{A10557FE-964B-4590-8D89-DC1CDCD3B1C3}.Release|Any CPU.Build.0 = Release|Any CPU
		{A10557FE-964B-4590-8D89-DC1CDCD3B1C3}.Release|ARM.ActiveCfg = Release|Any CPU
		{A10557FE-964B-4590-8D89-DC1CDCD3B1C3}.Release|ARM.Build.0 = Release|Any CPU
		{A10557FE-964B-4590-8D89-DC1CDCD3B1C3}.Release|iPhone.ActiveCfg = Release|Any CPU
		{A10557FE-964B-4590-8D89-DC1CDCD3B1C3}.Release|iPhone.Build.0 = Release|Any CPU
		{A10557FE-964B-4590-8D89-DC1CDCD3B1C3}.Release|iPhoneSimulator.ActiveCfg = Release|Any CPU
		{A10557FE-964B-4590-8D89-DC1CDCD3B1C3}.Release|iPhoneSimulator.Build.0 = Release|Any CPU
		{A10557FE-964B-4590-8D89-DC1CDCD3B1C3}.Release|x64.ActiveCfg = Release|Any CPU
		{A10557FE-964B-4590-8D89-DC1CDCD3B1C3}.Release|x64.Build.0 = Release|Any CPU
		{A10557FE-964B-4590-8D89-DC1CDCD3B1C3}.Release|x86.ActiveCfg = Release|Any CPU
		{A10557FE-964B-4590-8D89-DC1CDCD3B1C3}.Release|x86.Build.0 = Release|Any CPU
		{E34B6330-42EF-4724-8933-B25B84D892E1}.Ad-Hoc|Any CPU.ActiveCfg = Debug|Any CPU
		{E34B6330-42EF-4724-8933-B25B84D892E1}.Ad-Hoc|Any CPU.Build.0 = Debug|Any CPU
		{E34B6330-42EF-4724-8933-B25B84D892E1}.Ad-Hoc|ARM.ActiveCfg = Debug|Any CPU
		{E34B6330-42EF-4724-8933-B25B84D892E1}.Ad-Hoc|ARM.Build.0 = Debug|Any CPU
		{E34B6330-42EF-4724-8933-B25B84D892E1}.Ad-Hoc|iPhone.ActiveCfg = Debug|Any CPU
		{E34B6330-42EF-4724-8933-B25B84D892E1}.Ad-Hoc|iPhone.Build.0 = Debug|Any CPU
		{E34B6330-42EF-4724-8933-B25B84D892E1}.Ad-Hoc|iPhoneSimulator.ActiveCfg = Debug|Any CPU
		{E34B6330-42EF-4724-8933-B25B84D892E1}.Ad-Hoc|iPhoneSimulator.Build.0 = Debug|Any CPU
		{E34B6330-42EF-4724-8933-B25B84D892E1}.Ad-Hoc|x64.ActiveCfg = Debug|Any CPU
		{E34B6330-42EF-4724-8933-B25B84D892E1}.Ad-Hoc|x64.Build.0 = Debug|Any CPU
		{E34B6330-42EF-4724-8933-B25B84D892E1}.Ad-Hoc|x86.ActiveCfg = Debug|Any CPU
		{E34B6330-42EF-4724-8933-B25B84D892E1}.Ad-Hoc|x86.Build.0 = Debug|Any CPU
		{E34B6330-42EF-4724-8933-B25B84D892E1}.AppStore|Any CPU.ActiveCfg = Debug|Any CPU
		{E34B6330-42EF-4724-8933-B25B84D892E1}.AppStore|Any CPU.Build.0 = Debug|Any CPU
		{E34B6330-42EF-4724-8933-B25B84D892E1}.AppStore|ARM.ActiveCfg = Debug|Any CPU
		{E34B6330-42EF-4724-8933-B25B84D892E1}.AppStore|ARM.Build.0 = Debug|Any CPU
		{E34B6330-42EF-4724-8933-B25B84D892E1}.AppStore|iPhone.ActiveCfg = Debug|Any CPU
		{E34B6330-42EF-4724-8933-B25B84D892E1}.AppStore|iPhone.Build.0 = Debug|Any CPU
		{E34B6330-42EF-4724-8933-B25B84D892E1}.AppStore|iPhoneSimulator.ActiveCfg = Debug|Any CPU
		{E34B6330-42EF-4724-8933-B25B84D892E1}.AppStore|iPhoneSimulator.Build.0 = Debug|Any CPU
		{E34B6330-42EF-4724-8933-B25B84D892E1}.AppStore|x64.ActiveCfg = Debug|Any CPU
		{E34B6330-42EF-4724-8933-B25B84D892E1}.AppStore|x64.Build.0 = Debug|Any CPU
		{E34B6330-42EF-4724-8933-B25B84D892E1}.AppStore|x86.ActiveCfg = Debug|Any CPU
		{E34B6330-42EF-4724-8933-B25B84D892E1}.AppStore|x86.Build.0 = Debug|Any CPU
		{E34B6330-42EF-4724-8933-B25B84D892E1}.Debug|Any CPU.ActiveCfg = Debug|Any CPU
		{E34B6330-42EF-4724-8933-B25B84D892E1}.Debug|Any CPU.Build.0 = Debug|Any CPU
		{E34B6330-42EF-4724-8933-B25B84D892E1}.Debug|ARM.ActiveCfg = Debug|Any CPU
		{E34B6330-42EF-4724-8933-B25B84D892E1}.Debug|ARM.Build.0 = Debug|Any CPU
		{E34B6330-42EF-4724-8933-B25B84D892E1}.Debug|iPhone.ActiveCfg = Debug|Any CPU
		{E34B6330-42EF-4724-8933-B25B84D892E1}.Debug|iPhone.Build.0 = Debug|Any CPU
		{E34B6330-42EF-4724-8933-B25B84D892E1}.Debug|iPhoneSimulator.ActiveCfg = Debug|Any CPU
		{E34B6330-42EF-4724-8933-B25B84D892E1}.Debug|iPhoneSimulator.Build.0 = Debug|Any CPU
		{E34B6330-42EF-4724-8933-B25B84D892E1}.Debug|x64.ActiveCfg = Debug|Any CPU
		{E34B6330-42EF-4724-8933-B25B84D892E1}.Debug|x64.Build.0 = Debug|Any CPU
		{E34B6330-42EF-4724-8933-B25B84D892E1}.Debug|x86.ActiveCfg = Debug|Any CPU
		{E34B6330-42EF-4724-8933-B25B84D892E1}.Debug|x86.Build.0 = Debug|Any CPU
		{E34B6330-42EF-4724-8933-B25B84D892E1}.Release|Any CPU.ActiveCfg = Release|Any CPU
		{E34B6330-42EF-4724-8933-B25B84D892E1}.Release|Any CPU.Build.0 = Release|Any CPU
		{E34B6330-42EF-4724-8933-B25B84D892E1}.Release|ARM.ActiveCfg = Release|Any CPU
		{E34B6330-42EF-4724-8933-B25B84D892E1}.Release|ARM.Build.0 = Release|Any CPU
		{E34B6330-42EF-4724-8933-B25B84D892E1}.Release|iPhone.ActiveCfg = Release|Any CPU
		{E34B6330-42EF-4724-8933-B25B84D892E1}.Release|iPhone.Build.0 = Release|Any CPU
		{E34B6330-42EF-4724-8933-B25B84D892E1}.Release|iPhoneSimulator.ActiveCfg = Release|Any CPU
		{E34B6330-42EF-4724-8933-B25B84D892E1}.Release|iPhoneSimulator.Build.0 = Release|Any CPU
		{E34B6330-42EF-4724-8933-B25B84D892E1}.Release|x64.ActiveCfg = Release|Any CPU
		{E34B6330-42EF-4724-8933-B25B84D892E1}.Release|x64.Build.0 = Release|Any CPU
		{E34B6330-42EF-4724-8933-B25B84D892E1}.Release|x86.ActiveCfg = Release|Any CPU
		{E34B6330-42EF-4724-8933-B25B84D892E1}.Release|x86.Build.0 = Release|Any CPU
		{148FB6D1-F610-43CE-98A0-75EAFE061639}.Ad-Hoc|Any CPU.ActiveCfg = Debug|Any CPU
		{148FB6D1-F610-43CE-98A0-75EAFE061639}.Ad-Hoc|Any CPU.Build.0 = Debug|Any CPU
		{148FB6D1-F610-43CE-98A0-75EAFE061639}.Ad-Hoc|ARM.ActiveCfg = Debug|Any CPU
		{148FB6D1-F610-43CE-98A0-75EAFE061639}.Ad-Hoc|ARM.Build.0 = Debug|Any CPU
		{148FB6D1-F610-43CE-98A0-75EAFE061639}.Ad-Hoc|iPhone.ActiveCfg = Debug|Any CPU
		{148FB6D1-F610-43CE-98A0-75EAFE061639}.Ad-Hoc|iPhone.Build.0 = Debug|Any CPU
		{148FB6D1-F610-43CE-98A0-75EAFE061639}.Ad-Hoc|iPhoneSimulator.ActiveCfg = Debug|Any CPU
		{148FB6D1-F610-43CE-98A0-75EAFE061639}.Ad-Hoc|iPhoneSimulator.Build.0 = Debug|Any CPU
		{148FB6D1-F610-43CE-98A0-75EAFE061639}.Ad-Hoc|x64.ActiveCfg = Debug|Any CPU
		{148FB6D1-F610-43CE-98A0-75EAFE061639}.Ad-Hoc|x64.Build.0 = Debug|Any CPU
		{148FB6D1-F610-43CE-98A0-75EAFE061639}.Ad-Hoc|x86.ActiveCfg = Debug|Any CPU
		{148FB6D1-F610-43CE-98A0-75EAFE061639}.Ad-Hoc|x86.Build.0 = Debug|Any CPU
		{148FB6D1-F610-43CE-98A0-75EAFE061639}.AppStore|Any CPU.ActiveCfg = Debug|Any CPU
		{148FB6D1-F610-43CE-98A0-75EAFE061639}.AppStore|Any CPU.Build.0 = Debug|Any CPU
		{148FB6D1-F610-43CE-98A0-75EAFE061639}.AppStore|ARM.ActiveCfg = Debug|Any CPU
		{148FB6D1-F610-43CE-98A0-75EAFE061639}.AppStore|ARM.Build.0 = Debug|Any CPU
		{148FB6D1-F610-43CE-98A0-75EAFE061639}.AppStore|iPhone.ActiveCfg = Debug|Any CPU
		{148FB6D1-F610-43CE-98A0-75EAFE061639}.AppStore|iPhone.Build.0 = Debug|Any CPU
		{148FB6D1-F610-43CE-98A0-75EAFE061639}.AppStore|iPhoneSimulator.ActiveCfg = Debug|Any CPU
		{148FB6D1-F610-43CE-98A0-75EAFE061639}.AppStore|iPhoneSimulator.Build.0 = Debug|Any CPU
		{148FB6D1-F610-43CE-98A0-75EAFE061639}.AppStore|x64.ActiveCfg = Debug|Any CPU
		{148FB6D1-F610-43CE-98A0-75EAFE061639}.AppStore|x64.Build.0 = Debug|Any CPU
		{148FB6D1-F610-43CE-98A0-75EAFE061639}.AppStore|x86.ActiveCfg = Debug|Any CPU
		{148FB6D1-F610-43CE-98A0-75EAFE061639}.AppStore|x86.Build.0 = Debug|Any CPU
		{148FB6D1-F610-43CE-98A0-75EAFE061639}.Debug|Any CPU.ActiveCfg = Debug|Any CPU
		{148FB6D1-F610-43CE-98A0-75EAFE061639}.Debug|Any CPU.Build.0 = Debug|Any CPU
		{148FB6D1-F610-43CE-98A0-75EAFE061639}.Debug|ARM.ActiveCfg = Debug|Any CPU
		{148FB6D1-F610-43CE-98A0-75EAFE061639}.Debug|ARM.Build.0 = Debug|Any CPU
		{148FB6D1-F610-43CE-98A0-75EAFE061639}.Debug|iPhone.ActiveCfg = Debug|Any CPU
		{148FB6D1-F610-43CE-98A0-75EAFE061639}.Debug|iPhone.Build.0 = Debug|Any CPU
		{148FB6D1-F610-43CE-98A0-75EAFE061639}.Debug|iPhoneSimulator.ActiveCfg = Debug|Any CPU
		{148FB6D1-F610-43CE-98A0-75EAFE061639}.Debug|iPhoneSimulator.Build.0 = Debug|Any CPU
		{148FB6D1-F610-43CE-98A0-75EAFE061639}.Debug|x64.ActiveCfg = Debug|Any CPU
		{148FB6D1-F610-43CE-98A0-75EAFE061639}.Debug|x64.Build.0 = Debug|Any CPU
		{148FB6D1-F610-43CE-98A0-75EAFE061639}.Debug|x86.ActiveCfg = Debug|Any CPU
		{148FB6D1-F610-43CE-98A0-75EAFE061639}.Debug|x86.Build.0 = Debug|Any CPU
		{148FB6D1-F610-43CE-98A0-75EAFE061639}.Release|Any CPU.ActiveCfg = Release|Any CPU
		{148FB6D1-F610-43CE-98A0-75EAFE061639}.Release|Any CPU.Build.0 = Release|Any CPU
		{148FB6D1-F610-43CE-98A0-75EAFE061639}.Release|ARM.ActiveCfg = Release|Any CPU
		{148FB6D1-F610-43CE-98A0-75EAFE061639}.Release|ARM.Build.0 = Release|Any CPU
		{148FB6D1-F610-43CE-98A0-75EAFE061639}.Release|iPhone.ActiveCfg = Release|Any CPU
		{148FB6D1-F610-43CE-98A0-75EAFE061639}.Release|iPhone.Build.0 = Release|Any CPU
		{148FB6D1-F610-43CE-98A0-75EAFE061639}.Release|iPhoneSimulator.ActiveCfg = Release|Any CPU
		{148FB6D1-F610-43CE-98A0-75EAFE061639}.Release|iPhoneSimulator.Build.0 = Release|Any CPU
		{148FB6D1-F610-43CE-98A0-75EAFE061639}.Release|x64.ActiveCfg = Release|Any CPU
		{148FB6D1-F610-43CE-98A0-75EAFE061639}.Release|x64.Build.0 = Release|Any CPU
		{148FB6D1-F610-43CE-98A0-75EAFE061639}.Release|x86.ActiveCfg = Release|Any CPU
		{148FB6D1-F610-43CE-98A0-75EAFE061639}.Release|x86.Build.0 = Release|Any CPU
		{C2A364DE-7DCA-4796-BA0F-98E96139E4A7}.Ad-Hoc|Any CPU.ActiveCfg = Debug|Any CPU
		{C2A364DE-7DCA-4796-BA0F-98E96139E4A7}.Ad-Hoc|Any CPU.Build.0 = Debug|Any CPU
		{C2A364DE-7DCA-4796-BA0F-98E96139E4A7}.Ad-Hoc|ARM.ActiveCfg = Debug|Any CPU
		{C2A364DE-7DCA-4796-BA0F-98E96139E4A7}.Ad-Hoc|ARM.Build.0 = Debug|Any CPU
		{C2A364DE-7DCA-4796-BA0F-98E96139E4A7}.Ad-Hoc|iPhone.ActiveCfg = Debug|Any CPU
		{C2A364DE-7DCA-4796-BA0F-98E96139E4A7}.Ad-Hoc|iPhone.Build.0 = Debug|Any CPU
		{C2A364DE-7DCA-4796-BA0F-98E96139E4A7}.Ad-Hoc|iPhoneSimulator.ActiveCfg = Debug|Any CPU
		{C2A364DE-7DCA-4796-BA0F-98E96139E4A7}.Ad-Hoc|iPhoneSimulator.Build.0 = Debug|Any CPU
		{C2A364DE-7DCA-4796-BA0F-98E96139E4A7}.Ad-Hoc|x64.ActiveCfg = Debug|Any CPU
		{C2A364DE-7DCA-4796-BA0F-98E96139E4A7}.Ad-Hoc|x64.Build.0 = Debug|Any CPU
		{C2A364DE-7DCA-4796-BA0F-98E96139E4A7}.Ad-Hoc|x86.ActiveCfg = Debug|Any CPU
		{C2A364DE-7DCA-4796-BA0F-98E96139E4A7}.Ad-Hoc|x86.Build.0 = Debug|Any CPU
		{C2A364DE-7DCA-4796-BA0F-98E96139E4A7}.AppStore|Any CPU.ActiveCfg = Debug|Any CPU
		{C2A364DE-7DCA-4796-BA0F-98E96139E4A7}.AppStore|Any CPU.Build.0 = Debug|Any CPU
		{C2A364DE-7DCA-4796-BA0F-98E96139E4A7}.AppStore|ARM.ActiveCfg = Debug|Any CPU
		{C2A364DE-7DCA-4796-BA0F-98E96139E4A7}.AppStore|ARM.Build.0 = Debug|Any CPU
		{C2A364DE-7DCA-4796-BA0F-98E96139E4A7}.AppStore|iPhone.ActiveCfg = Debug|Any CPU
		{C2A364DE-7DCA-4796-BA0F-98E96139E4A7}.AppStore|iPhone.Build.0 = Debug|Any CPU
		{C2A364DE-7DCA-4796-BA0F-98E96139E4A7}.AppStore|iPhoneSimulator.ActiveCfg = Debug|Any CPU
		{C2A364DE-7DCA-4796-BA0F-98E96139E4A7}.AppStore|iPhoneSimulator.Build.0 = Debug|Any CPU
		{C2A364DE-7DCA-4796-BA0F-98E96139E4A7}.AppStore|x64.ActiveCfg = Debug|Any CPU
		{C2A364DE-7DCA-4796-BA0F-98E96139E4A7}.AppStore|x64.Build.0 = Debug|Any CPU
		{C2A364DE-7DCA-4796-BA0F-98E96139E4A7}.AppStore|x86.ActiveCfg = Debug|Any CPU
		{C2A364DE-7DCA-4796-BA0F-98E96139E4A7}.AppStore|x86.Build.0 = Debug|Any CPU
		{C2A364DE-7DCA-4796-BA0F-98E96139E4A7}.Debug|Any CPU.ActiveCfg = Debug|Any CPU
		{C2A364DE-7DCA-4796-BA0F-98E96139E4A7}.Debug|Any CPU.Build.0 = Debug|Any CPU
		{C2A364DE-7DCA-4796-BA0F-98E96139E4A7}.Debug|ARM.ActiveCfg = Debug|Any CPU
		{C2A364DE-7DCA-4796-BA0F-98E96139E4A7}.Debug|ARM.Build.0 = Debug|Any CPU
		{C2A364DE-7DCA-4796-BA0F-98E96139E4A7}.Debug|iPhone.ActiveCfg = Debug|Any CPU
		{C2A364DE-7DCA-4796-BA0F-98E96139E4A7}.Debug|iPhone.Build.0 = Debug|Any CPU
		{C2A364DE-7DCA-4796-BA0F-98E96139E4A7}.Debug|iPhoneSimulator.ActiveCfg = Debug|Any CPU
		{C2A364DE-7DCA-4796-BA0F-98E96139E4A7}.Debug|iPhoneSimulator.Build.0 = Debug|Any CPU
		{C2A364DE-7DCA-4796-BA0F-98E96139E4A7}.Debug|x64.ActiveCfg = Debug|Any CPU
		{C2A364DE-7DCA-4796-BA0F-98E96139E4A7}.Debug|x64.Build.0 = Debug|Any CPU
		{C2A364DE-7DCA-4796-BA0F-98E96139E4A7}.Debug|x86.ActiveCfg = Debug|Any CPU
		{C2A364DE-7DCA-4796-BA0F-98E96139E4A7}.Debug|x86.Build.0 = Debug|Any CPU
		{C2A364DE-7DCA-4796-BA0F-98E96139E4A7}.Release|Any CPU.ActiveCfg = Release|Any CPU
		{C2A364DE-7DCA-4796-BA0F-98E96139E4A7}.Release|Any CPU.Build.0 = Release|Any CPU
		{C2A364DE-7DCA-4796-BA0F-98E96139E4A7}.Release|ARM.ActiveCfg = Release|Any CPU
		{C2A364DE-7DCA-4796-BA0F-98E96139E4A7}.Release|ARM.Build.0 = Release|Any CPU
		{C2A364DE-7DCA-4796-BA0F-98E96139E4A7}.Release|iPhone.ActiveCfg = Release|Any CPU
		{C2A364DE-7DCA-4796-BA0F-98E96139E4A7}.Release|iPhone.Build.0 = Release|Any CPU
		{C2A364DE-7DCA-4796-BA0F-98E96139E4A7}.Release|iPhoneSimulator.ActiveCfg = Release|Any CPU
		{C2A364DE-7DCA-4796-BA0F-98E96139E4A7}.Release|iPhoneSimulator.Build.0 = Release|Any CPU
		{C2A364DE-7DCA-4796-BA0F-98E96139E4A7}.Release|x64.ActiveCfg = Release|Any CPU
		{C2A364DE-7DCA-4796-BA0F-98E96139E4A7}.Release|x64.Build.0 = Release|Any CPU
		{C2A364DE-7DCA-4796-BA0F-98E96139E4A7}.Release|x86.ActiveCfg = Release|Any CPU
		{C2A364DE-7DCA-4796-BA0F-98E96139E4A7}.Release|x86.Build.0 = Release|Any CPU
		{93BD0A32-DBBD-4972-8B26-1A5962E0416E}.Ad-Hoc|Any CPU.ActiveCfg = Debug|Any CPU
		{93BD0A32-DBBD-4972-8B26-1A5962E0416E}.Ad-Hoc|Any CPU.Build.0 = Debug|Any CPU
		{93BD0A32-DBBD-4972-8B26-1A5962E0416E}.Ad-Hoc|ARM.ActiveCfg = Debug|Any CPU
		{93BD0A32-DBBD-4972-8B26-1A5962E0416E}.Ad-Hoc|ARM.Build.0 = Debug|Any CPU
		{93BD0A32-DBBD-4972-8B26-1A5962E0416E}.Ad-Hoc|iPhone.ActiveCfg = Debug|Any CPU
		{93BD0A32-DBBD-4972-8B26-1A5962E0416E}.Ad-Hoc|iPhone.Build.0 = Debug|Any CPU
		{93BD0A32-DBBD-4972-8B26-1A5962E0416E}.Ad-Hoc|iPhoneSimulator.ActiveCfg = Debug|Any CPU
		{93BD0A32-DBBD-4972-8B26-1A5962E0416E}.Ad-Hoc|iPhoneSimulator.Build.0 = Debug|Any CPU
		{93BD0A32-DBBD-4972-8B26-1A5962E0416E}.Ad-Hoc|x64.ActiveCfg = Debug|Any CPU
		{93BD0A32-DBBD-4972-8B26-1A5962E0416E}.Ad-Hoc|x64.Build.0 = Debug|Any CPU
		{93BD0A32-DBBD-4972-8B26-1A5962E0416E}.Ad-Hoc|x86.ActiveCfg = Debug|Any CPU
		{93BD0A32-DBBD-4972-8B26-1A5962E0416E}.Ad-Hoc|x86.Build.0 = Debug|Any CPU
		{93BD0A32-DBBD-4972-8B26-1A5962E0416E}.AppStore|Any CPU.ActiveCfg = Debug|Any CPU
		{93BD0A32-DBBD-4972-8B26-1A5962E0416E}.AppStore|Any CPU.Build.0 = Debug|Any CPU
		{93BD0A32-DBBD-4972-8B26-1A5962E0416E}.AppStore|ARM.ActiveCfg = Debug|Any CPU
		{93BD0A32-DBBD-4972-8B26-1A5962E0416E}.AppStore|ARM.Build.0 = Debug|Any CPU
		{93BD0A32-DBBD-4972-8B26-1A5962E0416E}.AppStore|iPhone.ActiveCfg = Debug|Any CPU
		{93BD0A32-DBBD-4972-8B26-1A5962E0416E}.AppStore|iPhone.Build.0 = Debug|Any CPU
		{93BD0A32-DBBD-4972-8B26-1A5962E0416E}.AppStore|iPhoneSimulator.ActiveCfg = Debug|Any CPU
		{93BD0A32-DBBD-4972-8B26-1A5962E0416E}.AppStore|iPhoneSimulator.Build.0 = Debug|Any CPU
		{93BD0A32-DBBD-4972-8B26-1A5962E0416E}.AppStore|x64.ActiveCfg = Debug|Any CPU
		{93BD0A32-DBBD-4972-8B26-1A5962E0416E}.AppStore|x64.Build.0 = Debug|Any CPU
		{93BD0A32-DBBD-4972-8B26-1A5962E0416E}.AppStore|x86.ActiveCfg = Debug|Any CPU
		{93BD0A32-DBBD-4972-8B26-1A5962E0416E}.AppStore|x86.Build.0 = Debug|Any CPU
		{93BD0A32-DBBD-4972-8B26-1A5962E0416E}.Debug|Any CPU.ActiveCfg = Debug|Any CPU
		{93BD0A32-DBBD-4972-8B26-1A5962E0416E}.Debug|Any CPU.Build.0 = Debug|Any CPU
		{93BD0A32-DBBD-4972-8B26-1A5962E0416E}.Debug|ARM.ActiveCfg = Debug|Any CPU
		{93BD0A32-DBBD-4972-8B26-1A5962E0416E}.Debug|ARM.Build.0 = Debug|Any CPU
		{93BD0A32-DBBD-4972-8B26-1A5962E0416E}.Debug|iPhone.ActiveCfg = Debug|Any CPU
		{93BD0A32-DBBD-4972-8B26-1A5962E0416E}.Debug|iPhone.Build.0 = Debug|Any CPU
		{93BD0A32-DBBD-4972-8B26-1A5962E0416E}.Debug|iPhoneSimulator.ActiveCfg = Debug|Any CPU
		{93BD0A32-DBBD-4972-8B26-1A5962E0416E}.Debug|iPhoneSimulator.Build.0 = Debug|Any CPU
		{93BD0A32-DBBD-4972-8B26-1A5962E0416E}.Debug|x64.ActiveCfg = Debug|Any CPU
		{93BD0A32-DBBD-4972-8B26-1A5962E0416E}.Debug|x64.Build.0 = Debug|Any CPU
		{93BD0A32-DBBD-4972-8B26-1A5962E0416E}.Debug|x86.ActiveCfg = Debug|Any CPU
		{93BD0A32-DBBD-4972-8B26-1A5962E0416E}.Debug|x86.Build.0 = Debug|Any CPU
		{93BD0A32-DBBD-4972-8B26-1A5962E0416E}.Release|Any CPU.ActiveCfg = Release|Any CPU
		{93BD0A32-DBBD-4972-8B26-1A5962E0416E}.Release|Any CPU.Build.0 = Release|Any CPU
		{93BD0A32-DBBD-4972-8B26-1A5962E0416E}.Release|ARM.ActiveCfg = Release|Any CPU
		{93BD0A32-DBBD-4972-8B26-1A5962E0416E}.Release|ARM.Build.0 = Release|Any CPU
		{93BD0A32-DBBD-4972-8B26-1A5962E0416E}.Release|iPhone.ActiveCfg = Release|Any CPU
		{93BD0A32-DBBD-4972-8B26-1A5962E0416E}.Release|iPhone.Build.0 = Release|Any CPU
		{93BD0A32-DBBD-4972-8B26-1A5962E0416E}.Release|iPhoneSimulator.ActiveCfg = Release|Any CPU
		{93BD0A32-DBBD-4972-8B26-1A5962E0416E}.Release|iPhoneSimulator.Build.0 = Release|Any CPU
		{93BD0A32-DBBD-4972-8B26-1A5962E0416E}.Release|x64.ActiveCfg = Release|Any CPU
		{93BD0A32-DBBD-4972-8B26-1A5962E0416E}.Release|x64.Build.0 = Release|Any CPU
		{93BD0A32-DBBD-4972-8B26-1A5962E0416E}.Release|x86.ActiveCfg = Release|Any CPU
		{93BD0A32-DBBD-4972-8B26-1A5962E0416E}.Release|x86.Build.0 = Release|Any CPU
	EndGlobalSection
	GlobalSection(SolutionProperties) = preSolution
		HideSolutionNode = FALSE
	EndGlobalSection
	GlobalSection(ExtensibilityGlobals) = postSolution
		SolutionGuid = {E8D93BE3-C1E3-4A18-920C-6116DEE23476}
	EndGlobalSection
EndGlobal
